
Microsoft Visual Studio Solution File, Format Version 12.00
# Visual Studio 2013
VisualStudioVersion = 12.0.31101.0
MinimumVisualStudioVersion = 10.0.40219.1
Project("{2150E333-8FDC-42A3-9474-1A3956D46DE8}") = "01.YB.Mall.Presentation", "01.YB.Mall.Presentation", "{B39139B3-6930-456A-9171-4007AD411E9D}"
EndProject
Project("{2150E333-8FDC-42A3-9474-1A3956D46DE8}") = "02.YB.Mall.Data", "02.YB.Mall.Data", "{FACEEE92-BA1E-4426-9D07-4D269F4F0E80}"
EndProject
Project("{2150E333-8FDC-42A3-9474-1A3956D46DE8}") = "03.YB.Mall.Model", "03.YB.Mall.Model", "{CF0B0F1A-F5D5-4A66-AF46-A6C101EBF9D3}"
EndProject
Project("{2150E333-8FDC-42A3-9474-1A3956D46DE8}") = "04.YB.Mall.Service", "04.YB.Mall.Service", "{A3618EE7-2AE6-4631-A8CB-40C9ECD44827}"
EndProject
Project("{2150E333-8FDC-42A3-9474-1A3956D46DE8}") = "05.YB.Mall.Extend", "05.YB.Mall.Extend", "{68820434-D351-4181-B118-F753FC481FE1}"
EndProject
Project("{FAE04EC0-301F-11D3-BF4B-00C04F79EFBC}") = "YB.Mall.Data", "02.YB.Mall.Data\YB.Mall.Data\YB.Mall.Data.csproj", "{CB6C63AD-1CE2-4836-82D9-1C2E98596B29}"
EndProject
Project("{FAE04EC0-301F-11D3-BF4B-00C04F79EFBC}") = "YB.Mall.Model", "03.YB.Mall.Model\YB.Mall.Model\YB.Mall.Model.csproj", "{C8527412-5081-474E-9266-0042064D0091}"
EndProject
Project("{FAE04EC0-301F-11D3-BF4B-00C04F79EFBC}") = "YB.Mall.Service", "04.YB.Mall.Service\YB.Mall.Service\YB.Mall.Service.csproj", "{05C49278-E126-4348-B04E-4BF4A8EEF213}"
EndProject
Project("{2150E333-8FDC-42A3-9474-1A3956D46DE8}") = "06.YB.Mall.Tests", "06.YB.Mall.Tests", "{07403806-627C-444E-B2FF-55EF6EBC0067}"
EndProject
Project("{FAE04EC0-301F-11D3-BF4B-00C04F79EFBC}") = "YB.Mall.Web", "01.YB.Mall.Presentation\YB.Mall.Web\YB.Mall.Web.csproj", "{41CC6B4C-B002-4E67-A491-F13CC268DCD0}"
EndProject
Project("{FAE04EC0-301F-11D3-BF4B-00C04F79EFBC}") = "YB.Mall.Extend", "05.YB.Mall.Extend\YB.Mall.Extend\YB.Mall.Extend.csproj", "{A0C3C519-2DDC-4208-9CCD-918FBF9CECDD}"
EndProject
Project("{FAE04EC0-301F-11D3-BF4B-00C04F79EFBC}") = "YB.Mall.Tests", "06.YB.Mall.Tests\YB.Mall.Tests\YB.Mall.Tests.csproj", "{05D7DC5D-25F6-4DB3-93B9-69CDB6B78638}"
EndProject
Project("{2150E333-8FDC-42A3-9474-1A3956D46DE8}") = "07.YB.Mall.Plugin", "07.YB.Mall.Plugin", "{E6D58E63-85C0-4539-9F20-D579D0C71E8C}"
EndProject
Project("{2150E333-8FDC-42A3-9474-1A3956D46DE8}") = "Cache", "Cache", "{C7FEB498-B426-4CA1-B9D3-9FCC11B07058}"
EndProject
Project("{2150E333-8FDC-42A3-9474-1A3956D46DE8}") = "Payment", "Payment", "{595594DC-A660-41A0-AAE8-220DA3F40129}"
EndProject
Project("{2150E333-8FDC-42A3-9474-1A3956D46DE8}") = "OAuth", "OAuth", "{E9E65C2D-3566-465F-B028-DEBCE2D6AA32}"
EndProject
Project("{2150E333-8FDC-42A3-9474-1A3956D46DE8}") = "Message", "Message", "{FF855DCB-5E82-4DE3-8E2A-A55E82D7E44B}"
EndProject
Project("{2150E333-8FDC-42A3-9474-1A3956D46DE8}") = "Express", "Express", "{608271A7-871F-43B6-AFB5-248A7AC4ABE7}"
EndProject
Project("{FAE04EC0-301F-11D3-BF4B-00C04F79EFBC}") = "YB.Mall.NetCache", "07.YB.Mall.Plugin\Cache\YB.Mall.NetCache\YB.Mall.NetCache.csproj", "{12FF1653-2C2C-4E78-883F-E73A0CC54235}"
EndProject
Project("{FAE04EC0-301F-11D3-BF4B-00C04F79EFBC}") = "YB.Mall.RedisCache", "07.YB.Mall.Plugin\Cache\YB.Mall.RedisCache\YB.Mall.RedisCache.csproj", "{40C201F2-9E23-4C93-9EE7-9868A3642D61}"
EndProject
Project("{FAE04EC0-301F-11D3-BF4B-00C04F79EFBC}") = "YB.Mall.Core", "05.YB.Mall.Extend\YB.Mall.Core\YB.Mall.Core.csproj", "{3F2D5BF4-62BD-4CBF-A7DB-6562558828D0}"
EndProject
Global
	GlobalSection(SolutionConfigurationPlatforms) = preSolution
		Debug|Any CPU = Debug|Any CPU
		Release|Any CPU = Release|Any CPU
	EndGlobalSection
	GlobalSection(ProjectConfigurationPlatforms) = postSolution
		{CB6C63AD-1CE2-4836-82D9-1C2E98596B29}.Debug|Any CPU.ActiveCfg = Debug|Any CPU
		{CB6C63AD-1CE2-4836-82D9-1C2E98596B29}.Debug|Any CPU.Build.0 = Debug|Any CPU
		{CB6C63AD-1CE2-4836-82D9-1C2E98596B29}.Release|Any CPU.ActiveCfg = Release|Any CPU
		{CB6C63AD-1CE2-4836-82D9-1C2E98596B29}.Release|Any CPU.Build.0 = Release|Any CPU
		{C8527412-5081-474E-9266-0042064D0091}.Debug|Any CPU.ActiveCfg = Debug|Any CPU
		{C8527412-5081-474E-9266-0042064D0091}.Debug|Any CPU.Build.0 = Debug|Any CPU
		{C8527412-5081-474E-9266-0042064D0091}.Release|Any CPU.ActiveCfg = Release|Any CPU
		{C8527412-5081-474E-9266-0042064D0091}.Release|Any CPU.Build.0 = Release|Any CPU
		{05C49278-E126-4348-B04E-4BF4A8EEF213}.Debug|Any CPU.ActiveCfg = Debug|Any CPU
		{05C49278-E126-4348-B04E-4BF4A8EEF213}.Debug|Any CPU.Build.0 = Debug|Any CPU
		{05C49278-E126-4348-B04E-4BF4A8EEF213}.Release|Any CPU.ActiveCfg = Release|Any CPU
		{05C49278-E126-4348-B04E-4BF4A8EEF213}.Release|Any CPU.Build.0 = Release|Any CPU
		{41CC6B4C-B002-4E67-A491-F13CC268DCD0}.Debug|Any CPU.ActiveCfg = Debug|Any CPU
		{41CC6B4C-B002-4E67-A491-F13CC268DCD0}.Debug|Any CPU.Build.0 = Debug|Any CPU
		{41CC6B4C-B002-4E67-A491-F13CC268DCD0}.Release|Any CPU.ActiveCfg = Release|Any CPU
		{41CC6B4C-B002-4E67-A491-F13CC268DCD0}.Release|Any CPU.Build.0 = Release|Any CPU
		{A0C3C519-2DDC-4208-9CCD-918FBF9CECDD}.Debug|Any CPU.ActiveCfg = Debug|Any CPU
		{A0C3C519-2DDC-4208-9CCD-918FBF9CECDD}.Debug|Any CPU.Build.0 = Debug|Any CPU
		{A0C3C519-2DDC-4208-9CCD-918FBF9CECDD}.Release|Any CPU.ActiveCfg = Release|Any CPU
		{A0C3C519-2DDC-4208-9CCD-918FBF9CECDD}.Release|Any CPU.Build.0 = Release|Any CPU
		{05D7DC5D-25F6-4DB3-93B9-69CDB6B78638}.Debug|Any CPU.ActiveCfg = Debug|Any CPU
		{05D7DC5D-25F6-4DB3-93B9-69CDB6B78638}.Debug|Any CPU.Build.0 = Debug|Any CPU
		{05D7DC5D-25F6-4DB3-93B9-69CDB6B78638}.Release|Any CPU.ActiveCfg = Release|Any CPU
		{05D7DC5D-25F6-4DB3-93B9-69CDB6B78638}.Release|Any CPU.Build.0 = Release|Any CPU
		{12FF1653-2C2C-4E78-883F-E73A0CC54235}.Debug|Any CPU.ActiveCfg = Debug|Any CPU
		{12FF1653-2C2C-4E78-883F-E73A0CC54235}.Debug|Any CPU.Build.0 = Debug|Any CPU
		{12FF1653-2C2C-4E78-883F-E73A0CC54235}.Release|Any CPU.ActiveCfg = Release|Any CPU
		{12FF1653-2C2C-4E78-883F-E73A0CC54235}.Release|Any CPU.Build.0 = Release|Any CPU
		{40C201F2-9E23-4C93-9EE7-9868A3642D61}.Debug|Any CPU.ActiveCfg = Debug|Any CPU
		{40C201F2-9E23-4C93-9EE7-9868A3642D61}.Debug|Any CPU.Build.0 = Debug|Any CPU
		{40C201F2-9E23-4C93-9EE7-9868A3642D61}.Release|Any CPU.ActiveCfg = Release|Any CPU
		{40C201F2-9E23-4C93-9EE7-9868A3642D61}.Release|Any CPU.Build.0 = Release|Any CPU
		{3F2D5BF4-62BD-4CBF-A7DB-6562558828D0}.Debug|Any CPU.ActiveCfg = Debug|Any CPU
		{3F2D5BF4-62BD-4CBF-A7DB-6562558828D0}.Debug|Any CPU.Build.0 = Debug|Any CPU
		{3F2D5BF4-62BD-4CBF-A7DB-6562558828D0}.Release|Any CPU.ActiveCfg = Release|Any CPU
		{3F2D5BF4-62BD-4CBF-A7DB-6562558828D0}.Release|Any CPU.Build.0 = Release|Any CPU
	EndGlobalSection
	GlobalSection(SolutionProperties) = preSolution
		HideSolutionNode = FALSE
	EndGlobalSection
	GlobalSection(NestedProjects) = preSolution
		{CB6C63AD-1CE2-4836-82D9-1C2E98596B29} = {FACEEE92-BA1E-4426-9D07-4D269F4F0E80}
		{C8527412-5081-474E-9266-0042064D0091} = {CF0B0F1A-F5D5-4A66-AF46-A6C101EBF9D3}
		{05C49278-E126-4348-B04E-4BF4A8EEF213} = {A3618EE7-2AE6-4631-A8CB-40C9ECD44827}
		{41CC6B4C-B002-4E67-A491-F13CC268DCD0} = {B39139B3-6930-456A-9171-4007AD411E9D}
		{A0C3C519-2DDC-4208-9CCD-918FBF9CECDD} = {68820434-D351-4181-B118-F753FC481FE1}
		{05D7DC5D-25F6-4DB3-93B9-69CDB6B78638} = {07403806-627C-444E-B2FF-55EF6EBC0067}
		{C7FEB498-B426-4CA1-B9D3-9FCC11B07058} = {E6D58E63-85C0-4539-9F20-D579D0C71E8C}
		{595594DC-A660-41A0-AAE8-220DA3F40129} = {E6D58E63-85C0-4539-9F20-D579D0C71E8C}
		{E9E65C2D-3566-465F-B028-DEBCE2D6AA32} = {E6D58E63-85C0-4539-9F20-D579D0C71E8C}
		{FF855DCB-5E82-4DE3-8E2A-A55E82D7E44B} = {E6D58E63-85C0-4539-9F20-D579D0C71E8C}
		{608271A7-871F-43B6-AFB5-248A7AC4ABE7} = {E6D58E63-85C0-4539-9F20-D579D0C71E8C}
		{12FF1653-2C2C-4E78-883F-E73A0CC54235} = {C7FEB498-B426-4CA1-B9D3-9FCC11B07058}
		{40C201F2-9E23-4C93-9EE7-9868A3642D61} = {C7FEB498-B426-4CA1-B9D3-9FCC11B07058}
		{3F2D5BF4-62BD-4CBF-A7DB-6562558828D0} = {68820434-D351-4181-B118-F753FC481FE1}
	EndGlobalSection
EndGlobal
