
Microsoft Visual Studio Solution File, Format Version 12.00
# Visual Studio 2013
VisualStudioVersion = 12.0.31101.0
MinimumVisualStudioVersion = 10.0.40219.1
Project("{2150E333-8FDC-42A3-9474-1A3956D46DE8}") = "01.YB.Mall.Presentation", "01.YB.Mall.Presentation", "{B39139B3-6930-456A-9171-4007AD411E9D}"
EndProject
Project("{2150E333-8FDC-42A3-9474-1A3956D46DE8}") = "02.YB.Mall.Data", "02.YB.Mall.Data", "{FACEEE92-BA1E-4426-9D07-4D269F4F0E80}"
EndProject
Project("{2150E333-8FDC-42A3-9474-1A3956D46DE8}") = "03.YB.Mall.Model", "03.YB.Mall.Model", "{CF0B0F1A-F5D5-4A66-AF46-A6C101EBF9D3}"
EndProject
Project("{2150E333-8FDC-42A3-9474-1A3956D46DE8}") = "04.YB.Mall.Service", "04.YB.Mall.Service", "{A3618EE7-2AE6-4631-A8CB-40C9ECD44827}"
EndProject
Project("{2150E333-8FDC-42A3-9474-1A3956D46DE8}") = "05.YB.Mall.Extend", "05.YB.Mall.Extend", "{68820434-D351-4181-B118-F753FC481FE1}"
EndProject
Project("{FAE04EC0-301F-11D3-BF4B-00C04F79EFBC}") = "YB.Mall.Data", "02.YB.Mall.Data\YB.Mall.Data\YB.Mall.Data.csproj", "{CB6C63AD-1CE2-4836-82D9-1C2E98596B29}"
EndProject
Project("{FAE04EC0-301F-11D3-BF4B-00C04F79EFBC}") = "YB.Mall.Model", "03.YB.Mall.Model\YB.Mall.Model\YB.Mall.Model.csproj", "{C8527412-5081-474E-9266-0042064D0091}"
EndProject
Project("{FAE04EC0-301F-11D3-BF4B-00C04F79EFBC}") = "YB.Mall.Service", "04.YB.Mall.Service\YB.Mall.Service\YB.Mall.Service.csproj", "{05C49278-E126-4348-B04E-4BF4A8EEF213}"
EndProject
Project("{2150E333-8FDC-42A3-9474-1A3956D46DE8}") = "06.YB.Mall.Tests", "06.YB.Mall.Tests", "{07403806-627C-444E-B2FF-55EF6EBC0067}"
EndProject
Project("{FAE04EC0-301F-11D3-BF4B-00C04F79EFBC}") = "YB.Mall.Web", "01.YB.Mall.Presentation\YB.Mall.Web\YB.Mall.Web.csproj", "{41CC6B4C-B002-4E67-A491-F13CC268DCD0}"
EndProject
Project("{FAE04EC0-301F-11D3-BF4B-00C04F79EFBC}") = "YB.Mall.Extend", "05.YB.Mall.Extend\YB.Mall.Extend\YB.Mall.Extend.csproj", "{A0C3C519-2DDC-4208-9CCD-918FBF9CECDD}"
EndProject
Project("{FAE04EC0-301F-11D3-BF4B-00C04F79EFBC}") = "YB.Mall.Tests", "06.YB.Mall.Tests\YB.Mall.Tests\YB.Mall.Tests.csproj", "{05D7DC5D-25F6-4DB3-93B9-69CDB6B78638}"
EndProject
Global
	GlobalSection(SolutionConfigurationPlatforms) = preSolution
		Debug|Any CPU = Debug|Any CPU
		Release|Any CPU = Release|Any CPU
	EndGlobalSection
	GlobalSection(ProjectConfigurationPlatforms) = postSolution
		{CB6C63AD-1CE2-4836-82D9-1C2E98596B29}.Debug|Any CPU.ActiveCfg = Debug|Any CPU
		{CB6C63AD-1CE2-4836-82D9-1C2E98596B29}.Debug|Any CPU.Build.0 = Debug|Any CPU
		{CB6C63AD-1CE2-4836-82D9-1C2E98596B29}.Release|Any CPU.ActiveCfg = Release|Any CPU
		{CB6C63AD-1CE2-4836-82D9-1C2E98596B29}.Release|Any CPU.Build.0 = Release|Any CPU
		{C8527412-5081-474E-9266-0042064D0091}.Debug|Any CPU.ActiveCfg = Debug|Any CPU
		{C8527412-5081-474E-9266-0042064D0091}.Debug|Any CPU.Build.0 = Debug|Any CPU
		{C8527412-5081-474E-9266-0042064D0091}.Release|Any CPU.ActiveCfg = Release|Any CPU
		{C8527412-5081-474E-9266-0042064D0091}.Release|Any CPU.Build.0 = Release|Any CPU
		{05C49278-E126-4348-B04E-4BF4A8EEF213}.Debug|Any CPU.ActiveCfg = Debug|Any CPU
		{05C49278-E126-4348-B04E-4BF4A8EEF213}.Debug|Any CPU.Build.0 = Debug|Any CPU
		{05C49278-E126-4348-B04E-4BF4A8EEF213}.Release|Any CPU.ActiveCfg = Release|Any CPU
		{05C49278-E126-4348-B04E-4BF4A8EEF213}.Release|Any CPU.Build.0 = Release|Any CPU
		{41CC6B4C-B002-4E67-A491-F13CC268DCD0}.Debug|Any CPU.ActiveCfg = Debug|Any CPU
		{41CC6B4C-B002-4E67-A491-F13CC268DCD0}.Debug|Any CPU.Build.0 = Debug|Any CPU
		{41CC6B4C-B002-4E67-A491-F13CC268DCD0}.Release|Any CPU.ActiveCfg = Release|Any CPU
		{41CC6B4C-B002-4E67-A491-F13CC268DCD0}.Release|Any CPU.Build.0 = Release|Any CPU
		{A0C3C519-2DDC-4208-9CCD-918FBF9CECDD}.Debug|Any CPU.ActiveCfg = Debug|Any CPU
		{A0C3C519-2DDC-4208-9CCD-918FBF9CECDD}.Debug|Any CPU.Build.0 = Debug|Any CPU
		{A0C3C519-2DDC-4208-9CCD-918FBF9CECDD}.Release|Any CPU.ActiveCfg = Release|Any CPU
		{A0C3C519-2DDC-4208-9CCD-918FBF9CECDD}.Release|Any CPU.Build.0 = Release|Any CPU
		{05D7DC5D-25F6-4DB3-93B9-69CDB6B78638}.Debug|Any CPU.ActiveCfg = Debug|Any CPU
		{05D7DC5D-25F6-4DB3-93B9-69CDB6B78638}.Debug|Any CPU.Build.0 = Debug|Any CPU
		{05D7DC5D-25F6-4DB3-93B9-69CDB6B78638}.Release|Any CPU.ActiveCfg = Release|Any CPU
		{05D7DC5D-25F6-4DB3-93B9-69CDB6B78638}.Release|Any CPU.Build.0 = Release|Any CPU
	EndGlobalSection
	GlobalSection(SolutionProperties) = preSolution
		HideSolutionNode = FALSE
	EndGlobalSection
	GlobalSection(NestedProjects) = preSolution
		{CB6C63AD-1CE2-4836-82D9-1C2E98596B29} = {FACEEE92-BA1E-4426-9D07-4D269F4F0E80}
		{C8527412-5081-474E-9266-0042064D0091} = {CF0B0F1A-F5D5-4A66-AF46-A6C101EBF9D3}
		{05C49278-E126-4348-B04E-4BF4A8EEF213} = {A3618EE7-2AE6-4631-A8CB-40C9ECD44827}
		{41CC6B4C-B002-4E67-A491-F13CC268DCD0} = {B39139B3-6930-456A-9171-4007AD411E9D}
		{A0C3C519-2DDC-4208-9CCD-918FBF9CECDD} = {68820434-D351-4181-B118-F753FC481FE1}
		{05D7DC5D-25F6-4DB3-93B9-69CDB6B78638} = {07403806-627C-444E-B2FF-55EF6EBC0067}
	EndGlobalSection
EndGlobal
